
Microsoft Visual Studio Solution File, Format Version 12.00
# Visual Studio Version 16
VisualStudioVersion = 16.0.32510.428
MinimumVisualStudioVersion = 10.0.40219.1
Project("{FAE04EC0-301F-11D3-BF4B-00C04F79EFBC}") = "E-Commerse", "E-Commerse\E-Commerse.csproj", "{B62AF6FE-451E-46C1-932A-BDBE00ACAF11}"
EndProject
Global
	GlobalSection(SolutionConfigurationPlatforms) = preSolution
		Debug|Any CPU = Debug|Any CPU
		Release|Any CPU = Release|Any CPU
	EndGlobalSection
	GlobalSection(ProjectConfigurationPlatforms) = postSolution
		{B62AF6FE-451E-46C1-932A-BDBE00ACAF11}.Debug|Any CPU.ActiveCfg = Debug|Any CPU
		{B62AF6FE-451E-46C1-932A-BDBE00ACAF11}.Debug|Any CPU.Build.0 = Debug|Any CPU
		{B62AF6FE-451E-46C1-932A-BDBE00ACAF11}.Release|Any CPU.ActiveCfg = Release|Any CPU
		{B62AF6FE-451E-46C1-932A-BDBE00ACAF11}.Release|Any CPU.Build.0 = Release|Any CPU
	EndGlobalSection
	GlobalSection(SolutionProperties) = preSolution
		HideSolutionNode = FALSE
	EndGlobalSection
	GlobalSection(ExtensibilityGlobals) = postSolution
		SolutionGuid = {BE6AD60F-1E66-4ABD-B2CD-D9AF3BB636FB}
	EndGlobalSection
EndGlobal
